// !$*UTF8*$!
{
	archiveVersion = 1;
	classes = {
	};
	objectVersion = 50;
	objects = {

/* Begin PBXBuildFile section */
		771B912F24EBCEDB008A36BF /* AppDelegate.swift in Sources */ = {isa = PBXBuildFile; fileRef = 771B912E24EBCEDB008A36BF /* AppDelegate.swift */; };
		771B913124EBCEDB008A36BF /* SceneDelegate.swift in Sources */ = {isa = PBXBuildFile; fileRef = 771B913024EBCEDB008A36BF /* SceneDelegate.swift */; };
		771B913624EBCEDB008A36BF /* Main.storyboard in Resources */ = {isa = PBXBuildFile; fileRef = 771B913424EBCEDB008A36BF /* Main.storyboard */; };
		771B913824EBCEDD008A36BF /* Assets.xcassets in Resources */ = {isa = PBXBuildFile; fileRef = 771B913724EBCEDD008A36BF /* Assets.xcassets */; };
		771B913B24EBCEDD008A36BF /* LaunchScreen.storyboard in Resources */ = {isa = PBXBuildFile; fileRef = 771B913924EBCEDD008A36BF /* LaunchScreen.storyboard */; };
		771B914624EBCEDD008A36BF /* dome7Tests.swift in Sources */ = {isa = PBXBuildFile; fileRef = 771B914524EBCEDD008A36BF /* dome7Tests.swift */; };
		771B915124EBCEDD008A36BF /* dome7UITests.swift in Sources */ = {isa = PBXBuildFile; fileRef = 771B915024EBCEDD008A36BF /* dome7UITests.swift */; };
		771B915F24EBCF6E008A36BF /* UIPageViewController.swift in Sources */ = {isa = PBXBuildFile; fileRef = 771B915E24EBCF6E008A36BF /* UIPageViewController.swift */; };
		7775C8E824ED107D0067F5DC /* podfile in Resources */ = {isa = PBXBuildFile; fileRef = 7775C8E724ED107D0067F5DC /* podfile */; };
/* End PBXBuildFile section */

/* Begin PBXContainerItemProxy section */
		771B914224EBCEDD008A36BF /* PBXContainerItemProxy */ = {
			isa = PBXContainerItemProxy;
			containerPortal = 771B912324EBCEDA008A36BF /* Project object */;
			proxyType = 1;
			remoteGlobalIDString = 771B912A24EBCEDA008A36BF;
			remoteInfo = dome7;
		};
		771B914D24EBCEDD008A36BF /* PBXContainerItemProxy */ = {
			isa = PBXContainerItemProxy;
			containerPortal = 771B912324EBCEDA008A36BF /* Project object */;
			proxyType = 1;
			remoteGlobalIDString = 771B912A24EBCEDA008A36BF;
			remoteInfo = dome7;
		};
/* End PBXContainerItemProxy section */

/* Begin PBXFileReference section */
		771B912B24EBCEDB008A36BF /* dome7.app */ = {isa = PBXFileReference; explicitFileType = wrapper.application; includeInIndex = 0; path = dome7.app; sourceTree = BUILT_PRODUCTS_DIR; };
		771B912E24EBCEDB008A36BF /* AppDelegate.swift */ = {isa = PBXFileReference; lastKnownFileType = sourcecode.swift; path = AppDelegate.swift; sourceTree = "<group>"; };
		771B913024EBCEDB008A36BF /* SceneDelegate.swift */ = {isa = PBXFileReference; lastKnownFileType = sourcecode.swift; path = SceneDelegate.swift; sourceTree = "<group>"; };
		771B913524EBCEDB008A36BF /* Base */ = {isa = PBXFileReference; lastKnownFileType = file.storyboard; name = Base; path = Base.lproj/Main.storyboard; sourceTree = "<group>"; };
		771B913724EBCEDD008A36BF /* Assets.xcassets */ = {isa = PBXFileReference; lastKnownFileType = folder.assetcatalog; path = Assets.xcassets; sourceTree = "<group>"; };
		771B913A24EBCEDD008A36BF /* Base */ = {isa = PBXFileReference; lastKnownFileType = file.storyboard; name = Base; path = Base.lproj/LaunchScreen.storyboard; sourceTree = "<group>"; };
		771B913C24EBCEDD008A36BF /* Info.plist */ = {isa = PBXFileReference; lastKnownFileType = text.plist.xml; path = Info.plist; sourceTree = "<group>"; };
		771B914124EBCEDD008A36BF /* dome7Tests.xctest */ = {isa = PBXFileReference; explicitFileType = wrapper.cfbundle; includeInIndex = 0; path = dome7Tests.xctest; sourceTree = BUILT_PRODUCTS_DIR; };
		771B914524EBCEDD008A36BF /* dome7Tests.swift */ = {isa = PBXFileReference; lastKnownFileType = sourcecode.swift; path = dome7Tests.swift; sourceTree = "<group>"; };
		771B914724EBCEDD008A36BF /* Info.plist */ = {isa = PBXFileReference; lastKnownFileType = text.plist.xml; path = Info.plist; sourceTree = "<group>"; };
		771B914C24EBCEDD008A36BF /* dome7UITests.xctest */ = {isa = PBXFileReference; explicitFileType = wrapper.cfbundle; includeInIndex = 0; path = dome7UITests.xctest; sourceTree = BUILT_PRODUCTS_DIR; };
		771B915024EBCEDD008A36BF /* dome7UITests.swift */ = {isa = PBXFileReference; lastKnownFileType = sourcecode.swift; path = dome7UITests.swift; sourceTree = "<group>"; };
		771B915224EBCEDD008A36BF /* Info.plist */ = {isa = PBXFileReference; lastKnownFileType = text.plist.xml; path = Info.plist; sourceTree = "<group>"; };
		771B915E24EBCF6E008A36BF /* UIPageViewController.swift */ = {isa = PBXFileReference; lastKnownFileType = sourcecode.swift; path = UIPageViewController.swift; sourceTree = "<group>"; };
		7775C8E724ED107D0067F5DC /* podfile */ = {isa = PBXFileReference; fileEncoding = 4; lastKnownFileType = text; path = podfile; sourceTree = "<group>"; };
/* End PBXFileReference section */

/* Begin PBXFrameworksBuildPhase section */
		771B912824EBCEDA008A36BF /* Frameworks */ = {
			isa = PBXFrameworksBuildPhase;
			buildActionMask = 2147483647;
			files = (
			);
			runOnlyForDeploymentPostprocessing = 0;
		};
		771B913E24EBCEDD008A36BF /* Frameworks */ = {
			isa = PBXFrameworksBuildPhase;
			buildActionMask = 2147483647;
			files = (
			);
			runOnlyForDeploymentPostprocessing = 0;
		};
		771B914924EBCEDD008A36BF /* Frameworks */ = {
			isa = PBXFrameworksBuildPhase;
			buildActionMask = 2147483647;
			files = (
			);
			runOnlyForDeploymentPostprocessing = 0;
		};
/* End PBXFrameworksBuildPhase section */

/* Begin PBXGroup section */
		771B912224EBCEDA008A36BF = {
			isa = PBXGroup;
			children = (
				771B912D24EBCEDB008A36BF /* dome7 */,
				771B914424EBCEDD008A36BF /* dome7Tests */,
				771B914F24EBCEDD008A36BF /* dome7UITests */,
				771B912C24EBCEDB008A36BF /* Products */,
				7775C8E724ED107D0067F5DC /* podfile */,
			);
			sourceTree = "<group>";
		};
		771B912C24EBCEDB008A36BF /* Products */ = {
			isa = PBXGroup;
			children = (
				771B912B24EBCEDB008A36BF /* dome7.app */,
				771B914124EBCEDD008A36BF /* dome7Tests.xctest */,
				771B914C24EBCEDD008A36BF /* dome7UITests.xctest */,
			);
			name = Products;
			sourceTree = "<group>";
		};
		771B912D24EBCEDB008A36BF /* dome7 */ = {
			isa = PBXGroup;
			children = (
				771B912E24EBCEDB008A36BF /* AppDelegate.swift */,
				771B913024EBCEDB008A36BF /* SceneDelegate.swift */,
				771B913424EBCEDB008A36BF /* Main.storyboard */,
				771B913724EBCEDD008A36BF /* Assets.xcassets */,
				771B913924EBCEDD008A36BF /* LaunchScreen.storyboard */,
				771B913C24EBCEDD008A36BF /* Info.plist */,
				771B915E24EBCF6E008A36BF /* UIPageViewController.swift */,
			);
			path = dome7;
			sourceTree = "<group>";
		};
		771B914424EBCEDD008A36BF /* dome7Tests */ = {
			isa = PBXGroup;
			children = (
				771B914524EBCEDD008A36BF /* dome7Tests.swift */,
				771B914724EBCEDD008A36BF /* Info.plist */,
			);
			path = dome7Tests;
			sourceTree = "<group>";
		};
		771B914F24EBCEDD008A36BF /* dome7UITests */ = {
			isa = PBXGroup;
			children = (
				771B915024EBCEDD008A36BF /* dome7UITests.swift */,
				771B915224EBCEDD008A36BF /* Info.plist */,
			);
			path = dome7UITests;
			sourceTree = "<group>";
		};
/* End PBXGroup section */

/* Begin PBXNativeTarget section */
		771B912A24EBCEDA008A36BF /* dome7 */ = {
			isa = PBXNativeTarget;
			buildConfigurationList = 771B915524EBCEDD008A36BF /* Build configuration list for PBXNativeTarget "dome7" */;
			buildPhases = (
				771B912724EBCEDA008A36BF /* Sources */,
				771B912824EBCEDA008A36BF /* Frameworks */,
				771B912924EBCEDA008A36BF /* Resources */,
			);
			buildRules = (
			);
			dependencies = (
			);
			name = dome7;
			productName = dome7;
			productReference = 771B912B24EBCEDB008A36BF /* dome7.app */;
			productType = "com.apple.product-type.application";
		};
		771B914024EBCEDD008A36BF /* dome7Tests */ = {
			isa = PBXNativeTarget;
			buildConfigurationList = 771B915824EBCEDD008A36BF /* Build configuration list for PBXNativeTarget "dome7Tests" */;
			buildPhases = (
				771B913D24EBCEDD008A36BF /* Sources */,
				771B913E24EBCEDD008A36BF /* Frameworks */,
				771B913F24EBCEDD008A36BF /* Resources */,
			);
			buildRules = (
			);
			dependencies = (
				771B914324EBCEDD008A36BF /* PBXTargetDependency */,
			);
			name = dome7Tests;
			productName = dome7Tests;
			productReference = 771B914124EBCEDD008A36BF /* dome7Tests.xctest */;
			productType = "com.apple.product-type.bundle.unit-test";
		};
		771B914B24EBCEDD008A36BF /* dome7UITests */ = {
			isa = PBXNativeTarget;
			buildConfigurationList = 771B915B24EBCEDD008A36BF /* Build configuration list for PBXNativeTarget "dome7UITests" */;
			buildPhases = (
				771B914824EBCEDD008A36BF /* Sources */,
				771B914924EBCEDD008A36BF /* Frameworks */,
				771B914A24EBCEDD008A36BF /* Resources */,
			);
			buildRules = (
			);
			dependencies = (
				771B914E24EBCEDD008A36BF /* PBXTargetDependency */,
			);
			name = dome7UITests;
			productName = dome7UITests;
			productReference = 771B914C24EBCEDD008A36BF /* dome7UITests.xctest */;
			productType = "com.apple.product-type.bundle.ui-testing";
		};
/* End PBXNativeTarget section */

/* Begin PBXProject section */
		771B912324EBCEDA008A36BF /* Project object */ = {
			isa = PBXProject;
			attributes = {
				LastSwiftUpdateCheck = 1160;
				LastUpgradeCheck = 1160;
				ORGANIZATIONNAME = RX;
				TargetAttributes = {
					771B912A24EBCEDA008A36BF = {
						CreatedOnToolsVersion = 11.6;
					};
					771B914024EBCEDD008A36BF = {
						CreatedOnToolsVersion = 11.6;
						TestTargetID = 771B912A24EBCEDA008A36BF;
					};
					771B914B24EBCEDD008A36BF = {
						CreatedOnToolsVersion = 11.6;
						TestTargetID = 771B912A24EBCEDA008A36BF;
					};
				};
			};
			buildConfigurationList = 771B912624EBCEDA008A36BF /* Build configuration list for PBXProject "dome7" */;
			compatibilityVersion = "Xcode 9.3";
			developmentRegion = en;
			hasScannedForEncodings = 0;
			knownRegions = (
				en,
				Base,
			);
			mainGroup = 771B912224EBCEDA008A36BF;
			productRefGroup = 771B912C24EBCEDB008A36BF /* Products */;
			projectDirPath = "";
			projectRoot = "";
			targets = (
				771B912A24EBCEDA008A36BF /* dome7 */,
				771B914024EBCEDD008A36BF /* dome7Tests */,
				771B914B24EBCEDD008A36BF /* dome7UITests */,
			);
		};
/* End PBXProject section */

/* Begin PBXResourcesBuildPhase section */
		771B912924EBCEDA008A36BF /* Resources */ = {
			isa = PBXResourcesBuildPhase;
			buildActionMask = 2147483647;
			files = (
				771B913B24EBCEDD008A36BF /* LaunchScreen.storyboard in Resources */,
				771B913824EBCEDD008A36BF /* Assets.xcassets in Resources */,
				7775C8E824ED107D0067F5DC /* podfile in Resources */,
				771B913624EBCEDB008A36BF /* Main.storyboard in Resources */,
			);
			runOnlyForDeploymentPostprocessing = 0;
		};
		771B913F24EBCEDD008A36BF /* Resources */ = {
			isa = PBXResourcesBuildPhase;
			buildActionMask = 2147483647;
			files = (
			);
			runOnlyForDeploymentPostprocessing = 0;
		};
		771B914A24EBCEDD008A36BF /* Resources */ = {
			isa = PBXResourcesBuildPhase;
			buildActionMask = 2147483647;
			files = (
			);
			runOnlyForDeploymentPostprocessing = 0;
		};
/* End PBXResourcesBuildPhase section */

/* Begin PBXSourcesBuildPhase section */
		771B912724EBCEDA008A36BF /* Sources */ = {
			isa = PBXSourcesBuildPhase;
			buildActionMask = 2147483647;
			files = (
				771B912F24EBCEDB008A36BF /* AppDelegate.swift in Sources */,
				771B915F24EBCF6E008A36BF /* UIPageViewController.swift in Sources */,
				771B913124EBCEDB008A36BF /* SceneDelegate.swift in Sources */,
			);
			runOnlyForDeploymentPostprocessing = 0;
		};
		771B913D24EBCEDD008A36BF /* Sources */ = {
			isa = PBXSourcesBuildPhase;
			buildActionMask = 2147483647;
			files = (
				771B914624EBCEDD008A36BF /* dome7Tests.swift in Sources */,
			);
			runOnlyForDeploymentPostprocessing = 0;
		};
		771B914824EBCEDD008A36BF /* Sources */ = {
			isa = PBXSourcesBuildPhase;
			buildActionMask = 2147483647;
			files = (
				771B915124EBCEDD008A36BF /* dome7UITests.swift in Sources */,
			);
			runOnlyForDeploymentPostprocessing = 0;
		};
/* End PBXSourcesBuildPhase section */

/* Begin PBXTargetDependency section */
		771B914324EBCEDD008A36BF /* PBXTargetDependency */ = {
			isa = PBXTargetDependency;
			target = 771B912A24EBCEDA008A36BF /* dome7 */;
			targetProxy = 771B914224EBCEDD008A36BF /* PBXContainerItemProxy */;
		};
		771B914E24EBCEDD008A36BF /* PBXTargetDependency */ = {
			isa = PBXTargetDependency;
			target = 771B912A24EBCEDA008A36BF /* dome7 */;
			targetProxy = 771B914D24EBCEDD008A36BF /* PBXContainerItemProxy */;
		};
/* End PBXTargetDependency section */

/* Begin PBXVariantGroup section */
		771B913424EBCEDB008A36BF /* Main.storyboard */ = {
			isa = PBXVariantGroup;
			children = (
				771B913524EBCEDB008A36BF /* Base */,
			);
			name = Main.storyboard;
			sourceTree = "<group>";
		};
		771B913924EBCEDD008A36BF /* LaunchScreen.storyboard */ = {
			isa = PBXVariantGroup;
			children = (
				771B913A24EBCEDD008A36BF /* Base */,
			);
			name = LaunchScreen.storyboard;
			sourceTree = "<group>";
		};
/* End PBXVariantGroup section */

/* Begin XCBuildConfiguration section */
		771B915324EBCEDD008A36BF /* Debug */ = {
			isa = XCBuildConfiguration;
			buildSettings = {
				ALWAYS_SEARCH_USER_PATHS = NO;
				CLANG_ANALYZER_NONNULL = YES;
				CLANG_ANALYZER_NUMBER_OBJECT_CONVERSION = YES_AGGRESSIVE;
				CLANG_CXX_LANGUAGE_STANDARD = "gnu++14";
				CLANG_CXX_LIBRARY = "libc++";
				CLANG_ENABLE_MODULES = YES;
				CLANG_ENABLE_OBJC_ARC = YES;
				CLANG_ENABLE_OBJC_WEAK = YES;
				CLANG_WARN_BLOCK_CAPTURE_AUTORELEASING = YES;
				CLANG_WARN_BOOL_CONVERSION = YES;
				CLANG_WARN_COMMA = YES;
				CLANG_WARN_CONSTANT_CONVERSION = YES;
				CLANG_WARN_DEPRECATED_OBJC_IMPLEMENTATIONS = YES;
				CLANG_WARN_DIRECT_OBJC_ISA_USAGE = YES_ERROR;
				CLANG_WARN_DOCUMENTATION_COMMENTS = YES;
				CLANG_WARN_EMPTY_BODY = YES;
				CLANG_WARN_ENUM_CONVERSION = YES;
				CLANG_WARN_INFINITE_RECURSION = YES;
				CLANG_WARN_INT_CONVERSION = YES;
				CLANG_WARN_NON_LITERAL_NULL_CONVERSION = YES;
				CLANG_WARN_OBJC_IMPLICIT_RETAIN_SELF = YES;
				CLANG_WARN_OBJC_LITERAL_CONVERSION = YES;
				CLANG_WARN_OBJC_ROOT_CLASS = YES_ERROR;
				CLANG_WARN_RANGE_LOOP_ANALYSIS = YES;
				CLANG_WARN_STRICT_PROTOTYPES = YES;
				CLANG_WARN_SUSPICIOUS_MOVE = YES;
				CLANG_WARN_UNGUARDED_AVAILABILITY = YES_AGGRESSIVE;
				CLANG_WARN_UNREACHABLE_CODE = YES;
				CLANG_WARN__DUPLICATE_METHOD_MATCH = YES;
				COPY_PHASE_STRIP = NO;
				DEBUG_INFORMATION_FORMAT = dwarf;
				ENABLE_STRICT_OBJC_MSGSEND = YES;
				ENABLE_TESTABILITY = YES;
				GCC_C_LANGUAGE_STANDARD = gnu11;
				GCC_DYNAMIC_NO_PIC = NO;
				GCC_NO_COMMON_BLOCKS = YES;
				GCC_OPTIMIZATION_LEVEL = 0;
				GCC_PREPROCESSOR_DEFINITIONS = (
					"DEBUG=1",
					"$(inherited)",
				);
				GCC_WARN_64_TO_32_BIT_CONVERSION = YES;
				GCC_WARN_ABOUT_RETURN_TYPE = YES_ERROR;
				GCC_WARN_UNDECLARED_SELECTOR = YES;
				GCC_WARN_UNINITIALIZED_AUTOS = YES_AGGRESSIVE;
				GCC_WARN_UNUSED_FUNCTION = YES;
				GCC_WARN_UNUSED_VARIABLE = YES;
				IPHONEOS_DEPLOYMENT_TARGET = 13.6;
				MTL_ENABLE_DEBUG_INFO = INCLUDE_SOURCE;
				MTL_FAST_MATH = YES;
				ONLY_ACTIVE_ARCH = YES;
				SDKROOT = iphoneos;
				SWIFT_ACTIVE_COMPILATION_CONDITIONS = DEBUG;
				SWIFT_OPTIMIZATION_LEVEL = "-Onone";
			};
			name = Debug;
		};
		771B915424EBCEDD008A36BF /* Release */ = {
			isa = XCBuildConfiguration;
			buildSettings = {
				ALWAYS_SEARCH_USER_PATHS = NO;
				CLANG_ANALYZER_NONNULL = YES;
				CLANG_ANALYZER_NUMBER_OBJECT_CONVERSION = YES_AGGRESSIVE;
				CLANG_CXX_LANGUAGE_STANDARD = "gnu++14";
				CLANG_CXX_LIBRARY = "libc++";
				CLANG_ENABLE_MODULES = YES;
				CLANG_ENABLE_OBJC_ARC = YES;
				CLANG_ENABLE_OBJC_WEAK = YES;
				CLANG_WARN_BLOCK_CAPTURE_AUTORELEASING = YES;
				CLANG_WARN_BOOL_CONVERSION = YES;
				CLANG_WARN_COMMA = YES;
				CLANG_WARN_CONSTANT_CONVERSION = YES;
				CLANG_WARN_DEPRECATED_OBJC_IMPLEMENTATIONS = YES;
				CLANG_WARN_DIRECT_OBJC_ISA_USAGE = YES_ERROR;
				CLANG_WARN_DOCUMENTATION_COMMENTS = YES;
				CLANG_WARN_EMPTY_BODY = YES;
				CLANG_WARN_ENUM_CONVERSION = YES;
				CLANG_WARN_INFINITE_RECURSION = YES;
				CLANG_WARN_INT_CONVERSION = YES;
				CLANG_WARN_NON_LITERAL_NULL_CONVERSION = YES;
				CLANG_WARN_OBJC_IMPLICIT_RETAIN_SELF = YES;
				CLANG_WARN_OBJC_LITERAL_CONVERSION = YES;
				CLANG_WARN_OBJC_ROOT_CLASS = YES_ERROR;
				CLANG_WARN_RANGE_LOOP_ANALYSIS = YES;
				CLANG_WARN_STRICT_PROTOTYPES = YES;
				CLANG_WARN_SUSPICIOUS_MOVE = YES;
				CLANG_WARN_UNGUARDED_AVAILABILITY = YES_AGGRESSIVE;
				CLANG_WARN_UNREACHABLE_CODE = YES;
				CLANG_WARN__DUPLICATE_METHOD_MATCH = YES;
				COPY_PHASE_STRIP = NO;
				DEBUG_INFORMATION_FORMAT = "dwarf-with-dsym";
				ENABLE_NS_ASSERTIONS = NO;
				ENABLE_STRICT_OBJC_MSGSEND = YES;
				GCC_C_LANGUAGE_STANDARD = gnu11;
				GCC_NO_COMMON_BLOCKS = YES;
				GCC_WARN_64_TO_32_BIT_CONVERSION = YES;
				GCC_WARN_ABOUT_RETURN_TYPE = YES_ERROR;
				GCC_WARN_UNDECLARED_SELECTOR = YES;
				GCC_WARN_UNINITIALIZED_AUTOS = YES_AGGRESSIVE;
				GCC_WARN_UNUSED_FUNCTION = YES;
				GCC_WARN_UNUSED_VARIABLE = YES;
				IPHONEOS_DEPLOYMENT_TARGET = 13.6;
				MTL_ENABLE_DEBUG_INFO = NO;
				MTL_FAST_MATH = YES;
				SDKROOT = iphoneos;
				SWIFT_COMPILATION_MODE = wholemodule;
				SWIFT_OPTIMIZATION_LEVEL = "-O";
				VALIDATE_PRODUCT = YES;
			};
			name = Release;
		};
		771B915624EBCEDD008A36BF /* Debug */ = {
			isa = XCBuildConfiguration;
			buildSettings = {
				ASSETCATALOG_COMPILER_APPICON_NAME = AppIcon;
				CODE_SIGN_STYLE = Automatic;
				DEVELOPMENT_TEAM = 6CK29CYP8E;
				INFOPLIST_FILE = dome7/Info.plist;
				LD_RUNPATH_SEARCH_PATHS = (
					"$(inherited)",
					"@executable_path/Frameworks",
				);
				PRODUCT_BUNDLE_IDENTIFIER = K.dome7;
				PRODUCT_NAME = "$(TARGET_NAME)";
				SWIFT_VERSION = 5.0;
				TARGETED_DEVICE_FAMILY = "1,2";
			};
			name = Debug;
		};
		771B915724EBCEDD008A36BF /* Release */ = {
			isa = XCBuildConfiguration;
			buildSettings = {
				ASSETCATALOG_COMPILER_APPICON_NAME = AppIcon;
				CODE_SIGN_STYLE = Automatic;
				DEVELOPMENT_TEAM = 6CK29CYP8E;
				INFOPLIST_FILE = dome7/Info.plist;
				LD_RUNPATH_SEARCH_PATHS = (
					"$(inherited)",
					"@executable_path/Frameworks",
				);
				PRODUCT_BUNDLE_IDENTIFIER = K.dome7;
				PRODUCT_NAME = "$(TARGET_NAME)";
				SWIFT_VERSION = 5.0;
				TARGETED_DEVICE_FAMILY = "1,2";
			};
			name = Release;
		};
		771B915924EBCEDD008A36BF /* Debug */ = {
			isa = XCBuildConfiguration;
			buildSettings = {
				ALWAYS_EMBED_SWIFT_STANDARD_LIBRARIES = YES;
				BUNDLE_LOADER = "$(TEST_HOST)";
				CODE_SIGN_STYLE = Automatic;
				DEVELOPMENT_TEAM = 6CK29CYP8E;
				INFOPLIST_FILE = dome7Tests/Info.plist;
				IPHONEOS_DEPLOYMENT_TARGET = 13.6;
				LD_RUNPATH_SEARCH_PATHS = (
					"$(inherited)",
					"@executable_path/Frameworks",
					"@loader_path/Frameworks",
				);
				PRODUCT_BUNDLE_IDENTIFIER = K.dome7Tests;
				PRODUCT_NAME = "$(TARGET_NAME)";
				SWIFT_VERSION = 5.0;
				TARGETED_DEVICE_FAMILY = "1,2";
				TEST_HOST = "$(BUILT_PRODUCTS_DIR)/dome7.app/dome7";
			};
			name = Debug;
		};
		771B915A24EBCEDD008A36BF /* Release */ = {
			isa = XCBuildConfiguration;
			buildSettings = {
				ALWAYS_EMBED_SWIFT_STANDARD_LIBRARIES = YES;
				BUNDLE_LOADER = "$(TEST_HOST)";
				CODE_SIGN_STYLE = Automatic;
				DEVELOPMENT_TEAM = 6CK29CYP8E;
				INFOPLIST_FILE = dome7Tests/Info.plist;
				IPHONEOS_DEPLOYMENT_TARGET = 13.6;
				LD_RUNPATH_SEARCH_PATHS = (
					"$(inherited)",
					"@executable_path/Frameworks",
					"@loader_path/Frameworks",
				);
				PRODUCT_BUNDLE_IDENTIFIER = K.dome7Tests;
				PRODUCT_NAME = "$(TARGET_NAME)";
				SWIFT_VERSION = 5.0;
				TARGETED_DEVICE_FAMILY = "1,2";
				TEST_HOST = "$(BUILT_PRODUCTS_DIR)/dome7.app/dome7";
			};
			name = Release;
		};
		771B915C24EBCEDD008A36BF /* Debug */ = {
			isa = XCBuildConfiguration;
			buildSettings = {
				ALWAYS_EMBED_SWIFT_STANDARD_LIBRARIES = YES;
				CODE_SIGN_STYLE = Automatic;
				DEVELOPMENT_TEAM = 6CK29CYP8E;
				INFOPLIST_FILE = dome7UITests/Info.plist;
				LD_RUNPATH_SEARCH_PATHS = (
					"$(inherited)",
					"@executable_path/Frameworks",
					"@loader_path/Frameworks",
				);
				PRODUCT_BUNDLE_IDENTIFIER = K.dome7UITests;
				PRODUCT_NAME = "$(TARGET_NAME)";
				SWIFT_VERSION = 5.0;
				TARGETED_DEVICE_FAMILY = "1,2";
				TEST_TARGET_NAME = dome7;
			};
			name = Debug;
		};
		771B915D24EBCEDD008A36BF /* Release */ = {
			isa = XCBuildConfiguration;
			buildSettings = {
				ALWAYS_EMBED_SWIFT_STANDARD_LIBRARIES = YES;
				CODE_SIGN_STYLE = Automatic;
				DEVELOPMENT_TEAM = 6CK29CYP8E;
				INFOPLIST_FILE = dome7UITests/Info.plist;
				LD_RUNPATH_SEARCH_PATHS = (
					"$(inherited)",
					"@executable_path/Frameworks",
					"@loader_path/Frameworks",
				);
				PRODUCT_BUNDLE_IDENTIFIER = K.dome7UITests;
				PRODUCT_NAME = "$(TARGET_NAME)";
				SWIFT_VERSION = 5.0;
				TARGETED_DEVICE_FAMILY = "1,2";
				TEST_TARGET_NAME = dome7;
			};
			name = Release;
		};
/* End XCBuildConfiguration section */

/* Begin XCConfigurationList section */
		771B912624EBCEDA008A36BF /* Build configuration list for PBXProject "dome7" */ = {
			isa = XCConfigurationList;
			buildConfigurations = (
				771B915324EBCEDD008A36BF /* Debug */,
				771B915424EBCEDD008A36BF /* Release */,
			);
			defaultConfigurationIsVisible = 0;
			defaultConfigurationName = Release;
		};
		771B915524EBCEDD008A36BF /* Build configuration list for PBXNativeTarget "dome7" */ = {
			isa = XCConfigurationList;
			buildConfigurations = (
				771B915624EBCEDD008A36BF /* Debug */,
				771B915724EBCEDD008A36BF /* Release */,
			);
			defaultConfigurationIsVisible = 0;
			defaultConfigurationName = Release;
		};
		771B915824EBCEDD008A36BF /* Build configuration list for PBXNativeTarget "dome7Tests" */ = {
			isa = XCConfigurationList;
			buildConfigurations = (
				771B915924EBCEDD008A36BF /* Debug */,
				771B915A24EBCEDD008A36BF /* Release */,
			);
			defaultConfigurationIsVisible = 0;
			defaultConfigurationName = Release;
		};
		771B915B24EBCEDD008A36BF /* Build configuration list for PBXNativeTarget "dome7UITests" */ = {
			isa = XCConfigurationList;
			buildConfigurations = (
				771B915C24EBCEDD008A36BF /* Debug */,
				771B915D24EBCEDD008A36BF /* Release */,
			);
			defaultConfigurationIsVisible = 0;
			defaultConfigurationName = Release;
		};
/* End XCConfigurationList section */
	};
	rootObject = 771B912324EBCEDA008A36BF /* Project object */;
}
