PODS:
  - CLImagePickerTool (3.1.3)
  - MBProgressHUD (1.2.0)

DEPENDENCIES:
  - CLImagePickerTool
  - MBProgressHUD

SPEC REPOS:
  trunk:
    - CLImagePickerTool
    - MBProgressHUD

SPEC CHECKSUMS:
  CLImagePickerTool: 2ef59c6524efd493571a0ee2bc42f445b4c5b2cb
  MBProgressHUD: 3ee5efcc380f6a79a7cc9b363dd669c5e1ae7406

PODFILE CHECKSUM: f1d24187197fa4272ded9cbcfda412fb74b625c4

COCOAPODS: 1.9.1
