// !$*UTF8*$!
{
	archiveVersion = 1;
	classes = {
	};
	objectVersion = 50;
	objects = {

/* Begin PBXBuildFile section */
		77253FAB24E625AB004D000E /* AppDelegate.swift in Sources */ = {isa = PBXBuildFile; fileRef = 77253FAA24E625AB004D000E /* AppDelegate.swift */; };
		77253FAD24E625AC004D000E /* SceneDelegate.swift in Sources */ = {isa = PBXBuildFile; fileRef = 77253FAC24E625AC004D000E /* SceneDelegate.swift */; };
		77253FAF24E625AC004D000E /* ViewController.swift in Sources */ = {isa = PBXBuildFile; fileRef = 77253FAE24E625AC004D000E /* ViewController.swift */; };
		77253FB224E625AC004D000E /* Main.storyboard in Resources */ = {isa = PBXBuildFile; fileRef = 77253FB024E625AC004D000E /* Main.storyboard */; };
		77253FB424E625AE004D000E /* Assets.xcassets in Resources */ = {isa = PBXBuildFile; fileRef = 77253FB324E625AE004D000E /* Assets.xcassets */; };
		77253FB724E625AE004D000E /* LaunchScreen.storyboard in Resources */ = {isa = PBXBuildFile; fileRef = 77253FB524E625AE004D000E /* LaunchScreen.storyboard */; };
		77253FC224E625AE004D000E /* dome5Tests.swift in Sources */ = {isa = PBXBuildFile; fileRef = 77253FC124E625AE004D000E /* dome5Tests.swift */; };
		77253FCD24E625AE004D000E /* dome5UITests.swift in Sources */ = {isa = PBXBuildFile; fileRef = 77253FCC24E625AE004D000E /* dome5UITests.swift */; };
/* End PBXBuildFile section */

/* Begin PBXContainerItemProxy section */
		77253FBE24E625AE004D000E /* PBXContainerItemProxy */ = {
			isa = PBXContainerItemProxy;
			containerPortal = 77253F9F24E625AB004D000E /* Project object */;
			proxyType = 1;
			remoteGlobalIDString = 77253FA624E625AB004D000E;
			remoteInfo = dome5;
		};
		77253FC924E625AE004D000E /* PBXContainerItemProxy */ = {
			isa = PBXContainerItemProxy;
			containerPortal = 77253F9F24E625AB004D000E /* Project object */;
			proxyType = 1;
			remoteGlobalIDString = 77253FA624E625AB004D000E;
			remoteInfo = dome5;
		};
/* End PBXContainerItemProxy section */

/* Begin PBXFileReference section */
		77253FA724E625AB004D000E /* dome5.app */ = {isa = PBXFileReference; explicitFileType = wrapper.application; includeInIndex = 0; path = dome5.app; sourceTree = BUILT_PRODUCTS_DIR; };
		77253FAA24E625AB004D000E /* AppDelegate.swift */ = {isa = PBXFileReference; lastKnownFileType = sourcecode.swift; path = AppDelegate.swift; sourceTree = "<group>"; };
		77253FAC24E625AC004D000E /* SceneDelegate.swift */ = {isa = PBXFileReference; lastKnownFileType = sourcecode.swift; path = SceneDelegate.swift; sourceTree = "<group>"; };
		77253FAE24E625AC004D000E /* ViewController.swift */ = {isa = PBXFileReference; lastKnownFileType = sourcecode.swift; path = ViewController.swift; sourceTree = "<group>"; };
		77253FB124E625AC004D000E /* Base */ = {isa = PBXFileReference; lastKnownFileType = file.storyboard; name = Base; path = Base.lproj/Main.storyboard; sourceTree = "<group>"; };
		77253FB324E625AE004D000E /* Assets.xcassets */ = {isa = PBXFileReference; lastKnownFileType = folder.assetcatalog; path = Assets.xcassets; sourceTree = "<group>"; };
		77253FB624E625AE004D000E /* Base */ = {isa = PBXFileReference; lastKnownFileType = file.storyboard; name = Base; path = Base.lproj/LaunchScreen.storyboard; sourceTree = "<group>"; };
		77253FB824E625AE004D000E /* Info.plist */ = {isa = PBXFileReference; lastKnownFileType = text.plist.xml; path = Info.plist; sourceTree = "<group>"; };
		77253FBD24E625AE004D000E /* dome5Tests.xctest */ = {isa = PBXFileReference; explicitFileType = wrapper.cfbundle; includeInIndex = 0; path = dome5Tests.xctest; sourceTree = BUILT_PRODUCTS_DIR; };
		77253FC124E625AE004D000E /* dome5Tests.swift */ = {isa = PBXFileReference; lastKnownFileType = sourcecode.swift; path = dome5Tests.swift; sourceTree = "<group>"; };
		77253FC324E625AE004D000E /* Info.plist */ = {isa = PBXFileReference; lastKnownFileType = text.plist.xml; path = Info.plist; sourceTree = "<group>"; };
		77253FC824E625AE004D000E /* dome5UITests.xctest */ = {isa = PBXFileReference; explicitFileType = wrapper.cfbundle; includeInIndex = 0; path = dome5UITests.xctest; sourceTree = BUILT_PRODUCTS_DIR; };
		77253FCC24E625AE004D000E /* dome5UITests.swift */ = {isa = PBXFileReference; lastKnownFileType = sourcecode.swift; path = dome5UITests.swift; sourceTree = "<group>"; };
		77253FCE24E625AF004D000E /* Info.plist */ = {isa = PBXFileReference; lastKnownFileType = text.plist.xml; path = Info.plist; sourceTree = "<group>"; };
/* End PBXFileReference section */

/* Begin PBXFrameworksBuildPhase section */
		77253FA424E625AB004D000E /* Frameworks */ = {
			isa = PBXFrameworksBuildPhase;
			buildActionMask = 2147483647;
			files = (
			);
			runOnlyForDeploymentPostprocessing = 0;
		};
		77253FBA24E625AE004D000E /* Frameworks */ = {
			isa = PBXFrameworksBuildPhase;
			buildActionMask = 2147483647;
			files = (
			);
			runOnlyForDeploymentPostprocessing = 0;
		};
		77253FC524E625AE004D000E /* Frameworks */ = {
			isa = PBXFrameworksBuildPhase;
			buildActionMask = 2147483647;
			files = (
			);
			runOnlyForDeploymentPostprocessing = 0;
		};
/* End PBXFrameworksBuildPhase section */

/* Begin PBXGroup section */
		77253F9E24E625AB004D000E = {
			isa = PBXGroup;
			children = (
				77253FA924E625AB004D000E /* dome5 */,
				77253FC024E625AE004D000E /* dome5Tests */,
				77253FCB24E625AE004D000E /* dome5UITests */,
				77253FA824E625AB004D000E /* Products */,
			);
			sourceTree = "<group>";
		};
		77253FA824E625AB004D000E /* Products */ = {
			isa = PBXGroup;
			children = (
				77253FA724E625AB004D000E /* dome5.app */,
				77253FBD24E625AE004D000E /* dome5Tests.xctest */,
				77253FC824E625AE004D000E /* dome5UITests.xctest */,
			);
			name = Products;
			sourceTree = "<group>";
		};
		77253FA924E625AB004D000E /* dome5 */ = {
			isa = PBXGroup;
			children = (
				77253FAA24E625AB004D000E /* AppDelegate.swift */,
				77253FAC24E625AC004D000E /* SceneDelegate.swift */,
				77253FAE24E625AC004D000E /* ViewController.swift */,
				77253FB024E625AC004D000E /* Main.storyboard */,
				77253FB324E625AE004D000E /* Assets.xcassets */,
				77253FB524E625AE004D000E /* LaunchScreen.storyboard */,
				77253FB824E625AE004D000E /* Info.plist */,
			);
			path = dome5;
			sourceTree = "<group>";
		};
		77253FC024E625AE004D000E /* dome5Tests */ = {
			isa = PBXGroup;
			children = (
				77253FC124E625AE004D000E /* dome5Tests.swift */,
				77253FC324E625AE004D000E /* Info.plist */,
			);
			path = dome5Tests;
			sourceTree = "<group>";
		};
		77253FCB24E625AE004D000E /* dome5UITests */ = {
			isa = PBXGroup;
			children = (
				77253FCC24E625AE004D000E /* dome5UITests.swift */,
				77253FCE24E625AF004D000E /* Info.plist */,
			);
			path = dome5UITests;
			sourceTree = "<group>";
		};
/* End PBXGroup section */

/* Begin PBXNativeTarget section */
		77253FA624E625AB004D000E /* dome5 */ = {
			isa = PBXNativeTarget;
			buildConfigurationList = 77253FD124E625AF004D000E /* Build configuration list for PBXNativeTarget "dome5" */;
			buildPhases = (
				77253FA324E625AB004D000E /* Sources */,
				77253FA424E625AB004D000E /* Frameworks */,
				77253FA524E625AB004D000E /* Resources */,
			);
			buildRules = (
			);
			dependencies = (
			);
			name = dome5;
			productName = dome5;
			productReference = 77253FA724E625AB004D000E /* dome5.app */;
			productType = "com.apple.product-type.application";
		};
		77253FBC24E625AE004D000E /* dome5Tests */ = {
			isa = PBXNativeTarget;
			buildConfigurationList = 77253FD424E625AF004D000E /* Build configuration list for PBXNativeTarget "dome5Tests" */;
			buildPhases = (
				77253FB924E625AE004D000E /* Sources */,
				77253FBA24E625AE004D000E /* Frameworks */,
				77253FBB24E625AE004D000E /* Resources */,
			);
			buildRules = (
			);
			dependencies = (
				77253FBF24E625AE004D000E /* PBXTargetDependency */,
			);
			name = dome5Tests;
			productName = dome5Tests;
			productReference = 77253FBD24E625AE004D000E /* dome5Tests.xctest */;
			productType = "com.apple.product-type.bundle.unit-test";
		};
		77253FC724E625AE004D000E /* dome5UITests */ = {
			isa = PBXNativeTarget;
			buildConfigurationList = 77253FD724E625AF004D000E /* Build configuration list for PBXNativeTarget "dome5UITests" */;
			buildPhases = (
				77253FC424E625AE004D000E /* Sources */,
				77253FC524E625AE004D000E /* Frameworks */,
				77253FC624E625AE004D000E /* Resources */,
			);
			buildRules = (
			);
			dependencies = (
				77253FCA24E625AE004D000E /* PBXTargetDependency */,
			);
			name = dome5UITests;
			productName = dome5UITests;
			productReference = 77253FC824E625AE004D000E /* dome5UITests.xctest */;
			productType = "com.apple.product-type.bundle.ui-testing";
		};
/* End PBXNativeTarget section */

/* Begin PBXProject section */
		77253F9F24E625AB004D000E /* Project object */ = {
			isa = PBXProject;
			attributes = {
				LastSwiftUpdateCheck = 1160;
				LastUpgradeCheck = 1160;
				ORGANIZATIONNAME = RX;
				TargetAttributes = {
					77253FA624E625AB004D000E = {
						CreatedOnToolsVersion = 11.6;
					};
					77253FBC24E625AE004D000E = {
						CreatedOnToolsVersion = 11.6;
						TestTargetID = 77253FA624E625AB004D000E;
					};
					77253FC724E625AE004D000E = {
						CreatedOnToolsVersion = 11.6;
						TestTargetID = 77253FA624E625AB004D000E;
					};
				};
			};
			buildConfigurationList = 77253FA224E625AB004D000E /* Build configuration list for PBXProject "dome5" */;
			compatibilityVersion = "Xcode 9.3";
			developmentRegion = en;
			hasScannedForEncodings = 0;
			knownRegions = (
				en,
				Base,
			);
			mainGroup = 77253F9E24E625AB004D000E;
			productRefGroup = 77253FA824E625AB004D000E /* Products */;
			projectDirPath = "";
			projectRoot = "";
			targets = (
				77253FA624E625AB004D000E /* dome5 */,
				77253FBC24E625AE004D000E /* dome5Tests */,
				77253FC724E625AE004D000E /* dome5UITests */,
			);
		};
/* End PBXProject section */

/* Begin PBXResourcesBuildPhase section */
		77253FA524E625AB004D000E /* Resources */ = {
			isa = PBXResourcesBuildPhase;
			buildActionMask = 2147483647;
			files = (
				77253FB724E625AE004D000E /* LaunchScreen.storyboard in Resources */,
				77253FB424E625AE004D000E /* Assets.xcassets in Resources */,
				77253FB224E625AC004D000E /* Main.storyboard in Resources */,
			);
			runOnlyForDeploymentPostprocessing = 0;
		};
		77253FBB24E625AE004D000E /* Resources */ = {
			isa = PBXResourcesBuildPhase;
			buildActionMask = 2147483647;
			files = (
			);
			runOnlyForDeploymentPostprocessing = 0;
		};
		77253FC624E625AE004D000E /* Resources */ = {
			isa = PBXResourcesBuildPhase;
			buildActionMask = 2147483647;
			files = (
			);
			runOnlyForDeploymentPostprocessing = 0;
		};
/* End PBXResourcesBuildPhase section */

/* Begin PBXSourcesBuildPhase section */
		77253FA324E625AB004D000E /* Sources */ = {
			isa = PBXSourcesBuildPhase;
			buildActionMask = 2147483647;
			files = (
				77253FAF24E625AC004D000E /* ViewController.swift in Sources */,
				77253FAB24E625AB004D000E /* AppDelegate.swift in Sources */,
				77253FAD24E625AC004D000E /* SceneDelegate.swift in Sources */,
			);
			runOnlyForDeploymentPostprocessing = 0;
		};
		77253FB924E625AE004D000E /* Sources */ = {
			isa = PBXSourcesBuildPhase;
			buildActionMask = 2147483647;
			files = (
				77253FC224E625AE004D000E /* dome5Tests.swift in Sources */,
			);
			runOnlyForDeploymentPostprocessing = 0;
		};
		77253FC424E625AE004D000E /* Sources */ = {
			isa = PBXSourcesBuildPhase;
			buildActionMask = 2147483647;
			files = (
				77253FCD24E625AE004D000E /* dome5UITests.swift in Sources */,
			);
			runOnlyForDeploymentPostprocessing = 0;
		};
/* End PBXSourcesBuildPhase section */

/* Begin PBXTargetDependency section */
		77253FBF24E625AE004D000E /* PBXTargetDependency */ = {
			isa = PBXTargetDependency;
			target = 77253FA624E625AB004D000E /* dome5 */;
			targetProxy = 77253FBE24E625AE004D000E /* PBXContainerItemProxy */;
		};
		77253FCA24E625AE004D000E /* PBXTargetDependency */ = {
			isa = PBXTargetDependency;
			target = 77253FA624E625AB004D000E /* dome5 */;
			targetProxy = 77253FC924E625AE004D000E /* PBXContainerItemProxy */;
		};
/* End PBXTargetDependency section */

/* Begin PBXVariantGroup section */
		77253FB024E625AC004D000E /* Main.storyboard */ = {
			isa = PBXVariantGroup;
			children = (
				77253FB124E625AC004D000E /* Base */,
			);
			name = Main.storyboard;
			sourceTree = "<group>";
		};
		77253FB524E625AE004D000E /* LaunchScreen.storyboard */ = {
			isa = PBXVariantGroup;
			children = (
				77253FB624E625AE004D000E /* Base */,
			);
			name = LaunchScreen.storyboard;
			sourceTree = "<group>";
		};
/* End PBXVariantGroup section */

/* Begin XCBuildConfiguration section */
		77253FCF24E625AF004D000E /* Debug */ = {
			isa = XCBuildConfiguration;
			buildSettings = {
				ALWAYS_SEARCH_USER_PATHS = NO;
				CLANG_ANALYZER_NONNULL = YES;
				CLANG_ANALYZER_NUMBER_OBJECT_CONVERSION = YES_AGGRESSIVE;
				CLANG_CXX_LANGUAGE_STANDARD = "gnu++14";
				CLANG_CXX_LIBRARY = "libc++";
				CLANG_ENABLE_MODULES = YES;
				CLANG_ENABLE_OBJC_ARC = YES;
				CLANG_ENABLE_OBJC_WEAK = YES;
				CLANG_WARN_BLOCK_CAPTURE_AUTORELEASING = YES;
				CLANG_WARN_BOOL_CONVERSION = YES;
				CLANG_WARN_COMMA = YES;
				CLANG_WARN_CONSTANT_CONVERSION = YES;
				CLANG_WARN_DEPRECATED_OBJC_IMPLEMENTATIONS = YES;
				CLANG_WARN_DIRECT_OBJC_ISA_USAGE = YES_ERROR;
				CLANG_WARN_DOCUMENTATION_COMMENTS = YES;
				CLANG_WARN_EMPTY_BODY = YES;
				CLANG_WARN_ENUM_CONVERSION = YES;
				CLANG_WARN_INFINITE_RECURSION = YES;
				CLANG_WARN_INT_CONVERSION = YES;
				CLANG_WARN_NON_LITERAL_NULL_CONVERSION = YES;
				CLANG_WARN_OBJC_IMPLICIT_RETAIN_SELF = YES;
				CLANG_WARN_OBJC_LITERAL_CONVERSION = YES;
				CLANG_WARN_OBJC_ROOT_CLASS = YES_ERROR;
				CLANG_WARN_RANGE_LOOP_ANALYSIS = YES;
				CLANG_WARN_STRICT_PROTOTYPES = YES;
				CLANG_WARN_SUSPICIOUS_MOVE = YES;
				CLANG_WARN_UNGUARDED_AVAILABILITY = YES_AGGRESSIVE;
				CLANG_WARN_UNREACHABLE_CODE = YES;
				CLANG_WARN__DUPLICATE_METHOD_MATCH = YES;
				COPY_PHASE_STRIP = NO;
				DEBUG_INFORMATION_FORMAT = dwarf;
				ENABLE_STRICT_OBJC_MSGSEND = YES;
				ENABLE_TESTABILITY = YES;
				GCC_C_LANGUAGE_STANDARD = gnu11;
				GCC_DYNAMIC_NO_PIC = NO;
				GCC_NO_COMMON_BLOCKS = YES;
				GCC_OPTIMIZATION_LEVEL = 0;
				GCC_PREPROCESSOR_DEFINITIONS = (
					"DEBUG=1",
					"$(inherited)",
				);
				GCC_WARN_64_TO_32_BIT_CONVERSION = YES;
				GCC_WARN_ABOUT_RETURN_TYPE = YES_ERROR;
				GCC_WARN_UNDECLARED_SELECTOR = YES;
				GCC_WARN_UNINITIALIZED_AUTOS = YES_AGGRESSIVE;
				GCC_WARN_UNUSED_FUNCTION = YES;
				GCC_WARN_UNUSED_VARIABLE = YES;
				IPHONEOS_DEPLOYMENT_TARGET = 13.6;
				MTL_ENABLE_DEBUG_INFO = INCLUDE_SOURCE;
				MTL_FAST_MATH = YES;
				ONLY_ACTIVE_ARCH = YES;
				SDKROOT = iphoneos;
				SWIFT_ACTIVE_COMPILATION_CONDITIONS = DEBUG;
				SWIFT_OPTIMIZATION_LEVEL = "-Onone";
			};
			name = Debug;
		};
		77253FD024E625AF004D000E /* Release */ = {
			isa = XCBuildConfiguration;
			buildSettings = {
				ALWAYS_SEARCH_USER_PATHS = NO;
				CLANG_ANALYZER_NONNULL = YES;
				CLANG_ANALYZER_NUMBER_OBJECT_CONVERSION = YES_AGGRESSIVE;
				CLANG_CXX_LANGUAGE_STANDARD = "gnu++14";
				CLANG_CXX_LIBRARY = "libc++";
				CLANG_ENABLE_MODULES = YES;
				CLANG_ENABLE_OBJC_ARC = YES;
				CLANG_ENABLE_OBJC_WEAK = YES;
				CLANG_WARN_BLOCK_CAPTURE_AUTORELEASING = YES;
				CLANG_WARN_BOOL_CONVERSION = YES;
				CLANG_WARN_COMMA = YES;
				CLANG_WARN_CONSTANT_CONVERSION = YES;
				CLANG_WARN_DEPRECATED_OBJC_IMPLEMENTATIONS = YES;
				CLANG_WARN_DIRECT_OBJC_ISA_USAGE = YES_ERROR;
				CLANG_WARN_DOCUMENTATION_COMMENTS = YES;
				CLANG_WARN_EMPTY_BODY = YES;
				CLANG_WARN_ENUM_CONVERSION = YES;
				CLANG_WARN_INFINITE_RECURSION = YES;
				CLANG_WARN_INT_CONVERSION = YES;
				CLANG_WARN_NON_LITERAL_NULL_CONVERSION = YES;
				CLANG_WARN_OBJC_IMPLICIT_RETAIN_SELF = YES;
				CLANG_WARN_OBJC_LITERAL_CONVERSION = YES;
				CLANG_WARN_OBJC_ROOT_CLASS = YES_ERROR;
				CLANG_WARN_RANGE_LOOP_ANALYSIS = YES;
				CLANG_WARN_STRICT_PROTOTYPES = YES;
				CLANG_WARN_SUSPICIOUS_MOVE = YES;
				CLANG_WARN_UNGUARDED_AVAILABILITY = YES_AGGRESSIVE;
				CLANG_WARN_UNREACHABLE_CODE = YES;
				CLANG_WARN__DUPLICATE_METHOD_MATCH = YES;
				COPY_PHASE_STRIP = NO;
				DEBUG_INFORMATION_FORMAT = "dwarf-with-dsym";
				ENABLE_NS_ASSERTIONS = NO;
				ENABLE_STRICT_OBJC_MSGSEND = YES;
				GCC_C_LANGUAGE_STANDARD = gnu11;
				GCC_NO_COMMON_BLOCKS = YES;
				GCC_WARN_64_TO_32_BIT_CONVERSION = YES;
				GCC_WARN_ABOUT_RETURN_TYPE = YES_ERROR;
				GCC_WARN_UNDECLARED_SELECTOR = YES;
				GCC_WARN_UNINITIALIZED_AUTOS = YES_AGGRESSIVE;
				GCC_WARN_UNUSED_FUNCTION = YES;
				GCC_WARN_UNUSED_VARIABLE = YES;
				IPHONEOS_DEPLOYMENT_TARGET = 13.6;
				MTL_ENABLE_DEBUG_INFO = NO;
				MTL_FAST_MATH = YES;
				SDKROOT = iphoneos;
				SWIFT_COMPILATION_MODE = wholemodule;
				SWIFT_OPTIMIZATION_LEVEL = "-O";
				VALIDATE_PRODUCT = YES;
			};
			name = Release;
		};
		77253FD224E625AF004D000E /* Debug */ = {
			isa = XCBuildConfiguration;
			buildSettings = {
				ASSETCATALOG_COMPILER_APPICON_NAME = AppIcon;
				CODE_SIGN_STYLE = Automatic;
				DEVELOPMENT_TEAM = 5TYYBK29Z8;
				INFOPLIST_FILE = dome5/Info.plist;
				LD_RUNPATH_SEARCH_PATHS = (
					"$(inherited)",
					"@executable_path/Frameworks",
				);
				PRODUCT_BUNDLE_IDENTIFIER = K.dome5;
				PRODUCT_NAME = "$(TARGET_NAME)";
				SWIFT_VERSION = 5.0;
				TARGETED_DEVICE_FAMILY = "1,2";
			};
			name = Debug;
		};
		77253FD324E625AF004D000E /* Release */ = {
			isa = XCBuildConfiguration;
			buildSettings = {
				ASSETCATALOG_COMPILER_APPICON_NAME = AppIcon;
				CODE_SIGN_STYLE = Automatic;
				DEVELOPMENT_TEAM = 5TYYBK29Z8;
				INFOPLIST_FILE = dome5/Info.plist;
				LD_RUNPATH_SEARCH_PATHS = (
					"$(inherited)",
					"@executable_path/Frameworks",
				);
				PRODUCT_BUNDLE_IDENTIFIER = K.dome5;
				PRODUCT_NAME = "$(TARGET_NAME)";
				SWIFT_VERSION = 5.0;
				TARGETED_DEVICE_FAMILY = "1,2";
			};
			name = Release;
		};
		77253FD524E625AF004D000E /* Debug */ = {
			isa = XCBuildConfiguration;
			buildSettings = {
				ALWAYS_EMBED_SWIFT_STANDARD_LIBRARIES = YES;
				BUNDLE_LOADER = "$(TEST_HOST)";
				CODE_SIGN_STYLE = Automatic;
				DEVELOPMENT_TEAM = 5TYYBK29Z8;
				INFOPLIST_FILE = dome5Tests/Info.plist;
				IPHONEOS_DEPLOYMENT_TARGET = 13.6;
				LD_RUNPATH_SEARCH_PATHS = (
					"$(inherited)",
					"@executable_path/Frameworks",
					"@loader_path/Frameworks",
				);
				PRODUCT_BUNDLE_IDENTIFIER = K.dome5Tests;
				PRODUCT_NAME = "$(TARGET_NAME)";
				SWIFT_VERSION = 5.0;
				TARGETED_DEVICE_FAMILY = "1,2";
				TEST_HOST = "$(BUILT_PRODUCTS_DIR)/dome5.app/dome5";
			};
			name = Debug;
		};
		77253FD624E625AF004D000E /* Release */ = {
			isa = XCBuildConfiguration;
			buildSettings = {
				ALWAYS_EMBED_SWIFT_STANDARD_LIBRARIES = YES;
				BUNDLE_LOADER = "$(TEST_HOST)";
				CODE_SIGN_STYLE = Automatic;
				DEVELOPMENT_TEAM = 5TYYBK29Z8;
				INFOPLIST_FILE = dome5Tests/Info.plist;
				IPHONEOS_DEPLOYMENT_TARGET = 13.6;
				LD_RUNPATH_SEARCH_PATHS = (
					"$(inherited)",
					"@executable_path/Frameworks",
					"@loader_path/Frameworks",
				);
				PRODUCT_BUNDLE_IDENTIFIER = K.dome5Tests;
				PRODUCT_NAME = "$(TARGET_NAME)";
				SWIFT_VERSION = 5.0;
				TARGETED_DEVICE_FAMILY = "1,2";
				TEST_HOST = "$(BUILT_PRODUCTS_DIR)/dome5.app/dome5";
			};
			name = Release;
		};
		77253FD824E625AF004D000E /* Debug */ = {
			isa = XCBuildConfiguration;
			buildSettings = {
				ALWAYS_EMBED_SWIFT_STANDARD_LIBRARIES = YES;
				CODE_SIGN_STYLE = Automatic;
				DEVELOPMENT_TEAM = 5TYYBK29Z8;
				INFOPLIST_FILE = dome5UITests/Info.plist;
				LD_RUNPATH_SEARCH_PATHS = (
					"$(inherited)",
					"@executable_path/Frameworks",
					"@loader_path/Frameworks",
				);
				PRODUCT_BUNDLE_IDENTIFIER = K.dome5UITests;
				PRODUCT_NAME = "$(TARGET_NAME)";
				SWIFT_VERSION = 5.0;
				TARGETED_DEVICE_FAMILY = "1,2";
				TEST_TARGET_NAME = dome5;
			};
			name = Debug;
		};
		77253FD924E625AF004D000E /* Release */ = {
			isa = XCBuildConfiguration;
			buildSettings = {
				ALWAYS_EMBED_SWIFT_STANDARD_LIBRARIES = YES;
				CODE_SIGN_STYLE = Automatic;
				DEVELOPMENT_TEAM = 5TYYBK29Z8;
				INFOPLIST_FILE = dome5UITests/Info.plist;
				LD_RUNPATH_SEARCH_PATHS = (
					"$(inherited)",
					"@executable_path/Frameworks",
					"@loader_path/Frameworks",
				);
				PRODUCT_BUNDLE_IDENTIFIER = K.dome5UITests;
				PRODUCT_NAME = "$(TARGET_NAME)";
				SWIFT_VERSION = 5.0;
				TARGETED_DEVICE_FAMILY = "1,2";
				TEST_TARGET_NAME = dome5;
			};
			name = Release;
		};
/* End XCBuildConfiguration section */

/* Begin XCConfigurationList section */
		77253FA224E625AB004D000E /* Build configuration list for PBXProject "dome5" */ = {
			isa = XCConfigurationList;
			buildConfigurations = (
				77253FCF24E625AF004D000E /* Debug */,
				77253FD024E625AF004D000E /* Release */,
			);
			defaultConfigurationIsVisible = 0;
			defaultConfigurationName = Release;
		};
		77253FD124E625AF004D000E /* Build configuration list for PBXNativeTarget "dome5" */ = {
			isa = XCConfigurationList;
			buildConfigurations = (
				77253FD224E625AF004D000E /* Debug */,
				77253FD324E625AF004D000E /* Release */,
			);
			defaultConfigurationIsVisible = 0;
			defaultConfigurationName = Release;
		};
		77253FD424E625AF004D000E /* Build configuration list for PBXNativeTarget "dome5Tests" */ = {
			isa = XCConfigurationList;
			buildConfigurations = (
				77253FD524E625AF004D000E /* Debug */,
				77253FD624E625AF004D000E /* Release */,
			);
			defaultConfigurationIsVisible = 0;
			defaultConfigurationName = Release;
		};
		77253FD724E625AF004D000E /* Build configuration list for PBXNativeTarget "dome5UITests" */ = {
			isa = XCConfigurationList;
			buildConfigurations = (
				77253FD824E625AF004D000E /* Debug */,
				77253FD924E625AF004D000E /* Release */,
			);
			defaultConfigurationIsVisible = 0;
			defaultConfigurationName = Release;
		};
/* End XCConfigurationList section */
	};
	rootObject = 77253F9F24E625AB004D000E /* Project object */;
}
